
Microsoft Visual Studio Solution File, Format Version 12.00
# Visual Studio Version 16
VisualStudioVersion = 25.0.1705.4
MinimumVisualStudioVersion = 10.0.40219.1
Project("{FAE04EC0-301F-11D3-BF4B-00C04F79EFBC}") = "RedSocial.Server", "RedSocial\Server\RedSocial.Server.csproj", "{D6503625-76AC-4880-8EA2-43829D4DF403}"
EndProject
Project("{FAE04EC0-301F-11D3-BF4B-00C04F79EFBC}") = "RedSocial.Client", "RedSocial\Client\RedSocial.Client.csproj", "{F99D9E75-3058-410B-B0A8-3803DD764BC4}"
EndProject
Project("{FAE04EC0-301F-11D3-BF4B-00C04F79EFBC}") = "RedSocial.Shared", "RedSocial\Shared\RedSocial.Shared.csproj", "{D1EA243A-F446-4FDE-BCBA-909D16584ACC}"
EndProject
Global
	GlobalSection(SolutionConfigurationPlatforms) = preSolution
		Debug|Any CPU = Debug|Any CPU
		Release|Any CPU = Release|Any CPU
	EndGlobalSection
	GlobalSection(ProjectConfigurationPlatforms) = postSolution
		{D6503625-76AC-4880-8EA2-43829D4DF403}.Debug|Any CPU.ActiveCfg = Debug|Any CPU
		{D6503625-76AC-4880-8EA2-43829D4DF403}.Debug|Any CPU.Build.0 = Debug|Any CPU
		{D6503625-76AC-4880-8EA2-43829D4DF403}.Release|Any CPU.ActiveCfg = Release|Any CPU
		{D6503625-76AC-4880-8EA2-43829D4DF403}.Release|Any CPU.Build.0 = Release|Any CPU
		{F99D9E75-3058-410B-B0A8-3803DD764BC4}.Debug|Any CPU.ActiveCfg = Debug|Any CPU
		{F99D9E75-3058-410B-B0A8-3803DD764BC4}.Debug|Any CPU.Build.0 = Debug|Any CPU
		{F99D9E75-3058-410B-B0A8-3803DD764BC4}.Release|Any CPU.ActiveCfg = Release|Any CPU
		{F99D9E75-3058-410B-B0A8-3803DD764BC4}.Release|Any CPU.Build.0 = Release|Any CPU
		{D1EA243A-F446-4FDE-BCBA-909D16584ACC}.Debug|Any CPU.ActiveCfg = Debug|Any CPU
		{D1EA243A-F446-4FDE-BCBA-909D16584ACC}.Debug|Any CPU.Build.0 = Debug|Any CPU
		{D1EA243A-F446-4FDE-BCBA-909D16584ACC}.Release|Any CPU.ActiveCfg = Release|Any CPU
		{D1EA243A-F446-4FDE-BCBA-909D16584ACC}.Release|Any CPU.Build.0 = Release|Any CPU
	EndGlobalSection
	GlobalSection(SolutionProperties) = preSolution
		HideSolutionNode = FALSE
	EndGlobalSection
	GlobalSection(ExtensibilityGlobals) = postSolution
		SolutionGuid = {F66869BD-D991-4257-9BA9-041FE4FDA9FD}
	EndGlobalSection
EndGlobal
